
Microsoft Visual Studio Solution File, Format Version 12.00
# Visual Studio Version 16
VisualStudioVersion = 16.0.31515.178
MinimumVisualStudioVersion = 10.0.40219.1
Project("{FAE04EC0-301F-11D3-BF4B-00C04F79EFBC}") = "ConsoleApp3", "ConsoleApp3\ConsoleApp3.csproj", "{D0E4A0CA-D9C8-4C29-BFD5-67D4CD537141}"
EndProject
Global
	GlobalSection(SolutionConfigurationPlatforms) = preSolution
		Debug|Any CPU = Debug|Any CPU
		Release|Any CPU = Release|Any CPU
	EndGlobalSection
	GlobalSection(ProjectConfigurationPlatforms) = postSolution
		{D0E4A0CA-D9C8-4C29-BFD5-67D4CD537141}.Debug|Any CPU.ActiveCfg = Debug|Any CPU
		{D0E4A0CA-D9C8-4C29-BFD5-67D4CD537141}.Debug|Any CPU.Build.0 = Debug|Any CPU
		{D0E4A0CA-D9C8-4C29-BFD5-67D4CD537141}.Release|Any CPU.ActiveCfg = Release|Any CPU
		{D0E4A0CA-D9C8-4C29-BFD5-67D4CD537141}.Release|Any CPU.Build.0 = Release|Any CPU
	EndGlobalSection
	GlobalSection(SolutionProperties) = preSolution
		HideSolutionNode = FALSE
	EndGlobalSection
	GlobalSection(ExtensibilityGlobals) = postSolution
		SolutionGuid = {F03A2EF4-8074-49B7-B50E-EA2FC48A621D}
	EndGlobalSection
EndGlobal
